
Microsoft Visual Studio Solution File, Format Version 12.00
# Visual Studio 15
VisualStudioVersion = 15.0.26228.4
MinimumVisualStudioVersion = 10.0.40219.1
Project("{FAE04EC0-301F-11D3-BF4B-00C04F79EFBC}") = "ConsoleApp1", "ConsoleApp1\ConsoleApp1.csproj", "{01693A2C-08DE-452A-9640-3730462DAC08}"
EndProject
Project("{2150E333-8FDC-42A3-9474-1A3956D46DE8}") = "Solution Items", "Solution Items", "{B7C02A6F-5B41-40DA-8990-A90B68675AC9}"
EndProject
Project("{FAE04EC0-301F-11D3-BF4B-00C04F79EFBC}") = "WindowsFormsApp1", "WindowsFormsApp1\WindowsFormsApp1.csproj", "{330B73E5-50F1-4550-BB4A-63A8A230C2C3}"
EndProject
Project("{FAE04EC0-301F-11D3-BF4B-00C04F79EFBC}") = "WindowsFormsApp2", "WindowsFormsApp2\WindowsFormsApp2.csproj", "{49996926-ABBF-4C95-B259-8D536F3CAC4A}"
EndProject
Project("{FAE04EC0-301F-11D3-BF4B-00C04F79EFBC}") = "ConsoleAppObjetos", "ConsoleAppObjetos\ConsoleAppObjetos.csproj", "{746352BC-3E96-423D-9EAC-7D10B02F34C4}"
EndProject
Global
	GlobalSection(SolutionConfigurationPlatforms) = preSolution
		Debug|Any CPU = Debug|Any CPU
		Release|Any CPU = Release|Any CPU
	EndGlobalSection
	GlobalSection(ProjectConfigurationPlatforms) = postSolution
		{01693A2C-08DE-452A-9640-3730462DAC08}.Debug|Any CPU.ActiveCfg = Debug|Any CPU
		{01693A2C-08DE-452A-9640-3730462DAC08}.Debug|Any CPU.Build.0 = Debug|Any CPU
		{01693A2C-08DE-452A-9640-3730462DAC08}.Release|Any CPU.ActiveCfg = Release|Any CPU
		{01693A2C-08DE-452A-9640-3730462DAC08}.Release|Any CPU.Build.0 = Release|Any CPU
		{330B73E5-50F1-4550-BB4A-63A8A230C2C3}.Debug|Any CPU.ActiveCfg = Debug|Any CPU
		{330B73E5-50F1-4550-BB4A-63A8A230C2C3}.Debug|Any CPU.Build.0 = Debug|Any CPU
		{330B73E5-50F1-4550-BB4A-63A8A230C2C3}.Release|Any CPU.ActiveCfg = Release|Any CPU
		{330B73E5-50F1-4550-BB4A-63A8A230C2C3}.Release|Any CPU.Build.0 = Release|Any CPU
		{49996926-ABBF-4C95-B259-8D536F3CAC4A}.Debug|Any CPU.ActiveCfg = Debug|Any CPU
		{49996926-ABBF-4C95-B259-8D536F3CAC4A}.Debug|Any CPU.Build.0 = Debug|Any CPU
		{49996926-ABBF-4C95-B259-8D536F3CAC4A}.Release|Any CPU.ActiveCfg = Release|Any CPU
		{49996926-ABBF-4C95-B259-8D536F3CAC4A}.Release|Any CPU.Build.0 = Release|Any CPU
		{746352BC-3E96-423D-9EAC-7D10B02F34C4}.Debug|Any CPU.ActiveCfg = Debug|Any CPU
		{746352BC-3E96-423D-9EAC-7D10B02F34C4}.Debug|Any CPU.Build.0 = Debug|Any CPU
		{746352BC-3E96-423D-9EAC-7D10B02F34C4}.Release|Any CPU.ActiveCfg = Release|Any CPU
		{746352BC-3E96-423D-9EAC-7D10B02F34C4}.Release|Any CPU.Build.0 = Release|Any CPU
	EndGlobalSection
	GlobalSection(SolutionProperties) = preSolution
		HideSolutionNode = FALSE
	EndGlobalSection
EndGlobal
